{
  "version": 4,
  "terraform_version": "1.2.2",
  "serial": 26,
  "lineage": "238810bc-1f19-0d88-87f9-1388b71bcc79",
  "outputs": {},
  "resources": [
    {
      "mode": "managed",
      "type": "github_repository",
      "name": "terraform-second-repo",
      "provider": "provider[\"registry.terraform.io/hashicorp/github\"]",
      "instances": [
        {
          "schema_version": 0,
          "attributes": {
            "allow_auto_merge": false,
            "allow_merge_commit": true,
            "allow_rebase_merge": true,
            "allow_squash_merge": true,
            "archive_on_destroy": null,
            "archived": false,
            "auto_init": true,
            "branches": [
              {
                "name": "main",
                "protected": false
              }
            ],
            "default_branch": "main",
            "delete_branch_on_merge": false,
            "description": "My second resource for learning terraform",
            "etag": "W/\"18ac6d1f99b40e01b30009e6be6c25cd48d483331dc2100d50db273c42fa979b\"",
            "full_name": "agadhave/second-repo-from-terraform",
            "git_clone_url": "git://github.com/agadhave/second-repo-from-terraform.git",
            "gitignore_template": null,
            "has_downloads": false,
            "has_issues": false,
            "has_projects": false,
            "has_wiki": false,
            "homepage_url": "",
            "html_url": "https://github.com/agadhave/second-repo-from-terraform",
            "http_clone_url": "https://github.com/agadhave/second-repo-from-terraform.git",
            "id": "second-repo-from-terraform",
            "ignore_vulnerability_alerts_during_read": null,
            "is_template": false,
            "license_template": null,
            "name": "second-repo-from-terraform",
            "node_id": "R_kgDOH0tEnQ",
            "pages": [],
            "private": false,
            "repo_id": 525026461,
            "ssh_clone_url": "git@github.com:agadhave/second-repo-from-terraform.git",
            "svn_url": "https://github.com/agadhave/second-repo-from-terraform",
            "template": [],
            "topics": null,
            "visibility": "public",
            "vulnerability_alerts": false
          },
          "sensitive_attributes": [],
          "private": "bnVsbA=="
        }
      ]
    },
    {
      "mode": "managed",
      "type": "github_repository",
      "name": "terraform-third-repo",
      "provider": "provider[\"registry.terraform.io/hashicorp/github\"]",
      "instances": [
        {
          "schema_version": 0,
          "attributes": {
            "allow_auto_merge": false,
            "allow_merge_commit": true,
            "allow_rebase_merge": true,
            "allow_squash_merge": true,
            "archive_on_destroy": null,
            "archived": false,
            "auto_init": true,
            "branches": [
              {
                "name": "main",
                "protected": false
              }
            ],
            "default_branch": "main",
            "delete_branch_on_merge": false,
            "description": "My third resource for learning terraform",
            "etag": "W/\"9c727542f4ee76632b5f51ff1ff27139d2220847ed79b873b68a7bf5f3047f2a\"",
            "full_name": "agadhave/third-repo-from-terraform",
            "git_clone_url": "git://github.com/agadhave/third-repo-from-terraform.git",
            "gitignore_template": null,
            "has_downloads": false,
            "has_issues": false,
            "has_projects": false,
            "has_wiki": false,
            "homepage_url": "",
            "html_url": "https://github.com/agadhave/third-repo-from-terraform",
            "http_clone_url": "https://github.com/agadhave/third-repo-from-terraform.git",
            "id": "third-repo-from-terraform",
            "ignore_vulnerability_alerts_during_read": null,
            "is_template": false,
            "license_template": null,
            "name": "third-repo-from-terraform",
            "node_id": "R_kgDOH0tEqw",
            "pages": [],
            "private": false,
            "repo_id": 525026475,
            "ssh_clone_url": "git@github.com:agadhave/third-repo-from-terraform.git",
            "svn_url": "https://github.com/agadhave/third-repo-from-terraform",
            "template": [],
            "topics": null,
            "visibility": "public",
            "vulnerability_alerts": false
          },
          "sensitive_attributes": [],
          "private": "bnVsbA=="
        }
      ]
    }
  ]
}
